{
  "name": "generation",
  "lockfileVersion": 3,
  "requires": true,
  "packages": {
    "": {
      "dependencies": {
        "@azure/openai": "^2.0.0-beta.1"
      }
    },
    "node_modules/@azure/openai": {
      "version": "2.0.0-beta.1",
      "resolved": "https://registry.npmjs.org/@azure/openai/-/openai-2.0.0-beta.1.tgz",
      "integrity": "sha512-SMcGMbhv8gYiTvmv2aKlkDAW0sI5pjGW5KyC94DTAYgpZS7eK+B1WpCfuJLzVaLxbYZXYWTsmd+dCsS4rXJ9+w==",
      "license": "MIT",
      "dependencies": {
        "tslib": "^2.6.3"
      },
      "engines": {
        "node": ">=18.0.0"
      }
    },
    "node_modules/tslib": {
      "version": "2.6.3",
      "resolved": "https://registry.npmjs.org/tslib/-/tslib-2.6.3.tgz",
      "integrity": "sha512-xNvxJEOUiWPGhUuUdQgAJPKOOJfGnIyKySOc09XkKsgdUV/3E2zvwZYdejjmRgPCgcym1juLH3226yA7sEFJKQ==",
      "license": "0BSD"
    }
  }
}
